
Microsoft Visual Studio Solution File, Format Version 12.00
# Visual Studio 15
VisualStudioVersion = 15.0.26228.9
MinimumVisualStudioVersion = 10.0.40219.1
Project("{2150E333-8FDC-42A3-9474-1A3956D46DE8}") = "src", "src", "{58CC885F-40A7-4C82-990D-3F36AAA088A7}"
EndProject
Project("{2150E333-8FDC-42A3-9474-1A3956D46DE8}") = "Solution Items", "Solution Items", "{D83D3737-3BD4-4AEE-8C42-CDED9410DB79}"
	ProjectSection(SolutionItems) = preProject
		.editorconfig = .editorconfig
		Benchmarks.md = Benchmarks.md
		tools\CodeAnalysis.ruleset = tools\CodeAnalysis.ruleset
		README.md = README.md
		tools\stylecop.json = tools\stylecop.json
	EndProjectSection
EndProject
Project("{2150E333-8FDC-42A3-9474-1A3956D46DE8}") = "test", "test", "{C013E552-43F5-4496-BE29-DB401C3334BB}"
EndProject
Project("{2150E333-8FDC-42A3-9474-1A3956D46DE8}") = "Articles", "Articles", "{E24CC0B1-4854-44B5-AC61-58BEEA768455}"
	ProjectSection(SolutionItems) = preProject
		Articles\cachemanager_architecture.md = Articles\cachemanager_architecture.md
		Articles\cachemanager_backed_todo_web_app.md = Articles\cachemanager_backed_todo_web_app.md
		Articles\cachemanager_configuration.md = Articles\cachemanager_configuration.md
		Articles\cachemanager_getting_started.md = Articles\cachemanager_getting_started.md
		Articles\cachemanager_logging.md = Articles\cachemanager_logging.md
		Articles\cachemanager_serialization.md = Articles\cachemanager_serialization.md
		Articles\cachemanager_synchronization.md = Articles\cachemanager_synchronization.md
		Articles\cachemanager_update.md = Articles\cachemanager_update.md
	EndProjectSection
EndProject
Project("{2150E333-8FDC-42A3-9474-1A3956D46DE8}") = "samples", "samples", "{C23C189C-3AFC-45D6-8E32-9B5E190BBA20}"
EndProject
Project("{2150E333-8FDC-42A3-9474-1A3956D46DE8}") = "Documentation", "Documentation", "{E026FBD6-8112-46A7-BB3C-C8FB901CB93A}"
	ProjectSection(SolutionItems) = preProject
		Documentation\build.cmd = Documentation\build.cmd
		Documentation\docfx.json = Documentation\docfx.json
		Documentation\index.md = Documentation\index.md
		Documentation\toc.yml = Documentation\toc.yml
	EndProjectSection
EndProject
Project("{2150E333-8FDC-42A3-9474-1A3956D46DE8}") = "Template", "Template", "{75D61766-6604-4FAD-8451-FCF300CCCD48}"
	ProjectSection(SolutionItems) = preProject
		Documentation\template\ManagedReference.html.primary.tmpl = Documentation\template\ManagedReference.html.primary.tmpl
		Documentation\template\toc.html.tmpl = Documentation\template\toc.html.tmpl
	EndProjectSection
EndProject
Project("{2150E333-8FDC-42A3-9474-1A3956D46DE8}") = "styles", "styles", "{42E99581-4D8D-44E1-848D-1EAB564A3129}"
	ProjectSection(SolutionItems) = preProject
		Documentation\template\styles\docfx.css = Documentation\template\styles\docfx.css
	EndProjectSection
EndProject
Project("{2150E333-8FDC-42A3-9474-1A3956D46DE8}") = "partials", "partials", "{5FFC2D23-4EA5-4402-B251-C83B453DC423}"
	ProjectSection(SolutionItems) = preProject
		Documentation\template\partials\footer.tmpl.partial = Documentation\template\partials\footer.tmpl.partial
		Documentation\template\partials\head.tmpl.partial = Documentation\template\partials\head.tmpl.partial
		Documentation\template\partials\navbar.tmpl.partial = Documentation\template\partials\navbar.tmpl.partial
		Documentation\template\partials\scripts.tmpl.partial = Documentation\template\partials\scripts.tmpl.partial
	EndProjectSection
EndProject
Project("{2150E333-8FDC-42A3-9474-1A3956D46DE8}") = "apispec", "apispec", "{96C0965D-2375-4780-9DAC-640927D74161}"
	ProjectSection(SolutionItems) = preProject
		Documentation\apispec\CacheManager_Core_CacheFactory_Build_System_String_System_Action_CacheManager_Core_ConfigurationBuilderCachePart__.md = Documentation\apispec\CacheManager_Core_CacheFactory_Build_System_String_System_Action_CacheManager_Core_ConfigurationBuilderCachePart__.md
		Documentation\apispec\CacheManager_Core_JsonConfigurationBuilderExtensions.md = Documentation\apispec\CacheManager_Core_JsonConfigurationBuilderExtensions.md
		Documentation\apispec\CacheManager_Core_MicrosoftConfigurationExtensions.md = Documentation\apispec\CacheManager_Core_MicrosoftConfigurationExtensions.md
		Documentation\apispec\CacheManager_Core_MicrosoftLoggingBuilderExtensions.md = Documentation\apispec\CacheManager_Core_MicrosoftLoggingBuilderExtensions.md
	EndProjectSection
EndProject
Project("{2150E333-8FDC-42A3-9474-1A3956D46DE8}") = "api", "api", "{F2761882-C68D-4CC4-A906-3C46EF6A6573}"
	ProjectSection(SolutionItems) = preProject
		Documentation\api\index.md = Documentation\api\index.md
	EndProjectSection
EndProject
Project("{9A19103F-16F7-4668-BE54-9A1E7A4F7556}") = "CacheManager.Core", "src\CacheManager.Core\CacheManager.Core.csproj", "{C9B4E53B-15FC-42AF-9107-0C2E52E8680B}"
EndProject
Project("{9A19103F-16F7-4668-BE54-9A1E7A4F7556}") = "CacheManager.SystemRuntimeCaching", "src\CacheManager.SystemRuntimeCaching\CacheManager.SystemRuntimeCaching.csproj", "{49A1A508-1A92-4F6A-8654-B0E71C07BD53}"
EndProject
Project("{9A19103F-16F7-4668-BE54-9A1E7A4F7556}") = "CacheManager.StackExchange.Redis", "src\CacheManager.StackExchange.Redis\CacheManager.StackExchange.Redis.csproj", "{BA03975E-39CD-4318-8ED3-239AA399DC87}"
EndProject
Project("{9A19103F-16F7-4668-BE54-9A1E7A4F7556}") = "CacheManager.Couchbase", "src\CacheManager.Couchbase\CacheManager.Couchbase.csproj", "{6436C729-A28B-4D90-B3B8-7ED003341199}"
EndProject
Project("{9A19103F-16F7-4668-BE54-9A1E7A4F7556}") = "CacheManager.Web", "src\CacheManager.Web\CacheManager.Web.csproj", "{4FBE8026-2FAE-462C-9446-33B49CA5A25D}"
EndProject
Project("{9A19103F-16F7-4668-BE54-9A1E7A4F7556}") = "CacheManager.Config.Tests", "test\CacheManager.Config.Tests\CacheManager.Config.Tests.csproj", "{35A16A79-63DE-418E-AF5E-6865E5718008}"
EndProject
Project("{9A19103F-16F7-4668-BE54-9A1E7A4F7556}") = "CacheManager.Tests", "test\CacheManager.Tests\CacheManager.Tests.csproj", "{EEED5086-976C-4063-A61D-D5FAE7652758}"
EndProject
Project("{9A19103F-16F7-4668-BE54-9A1E7A4F7556}") = "CacheManager.Examples", "samples\CacheManager.Examples\CacheManager.Examples.csproj", "{8F8E0F73-F11A-4F9A-91F5-9C8E798752D9}"
EndProject
Project("{9A19103F-16F7-4668-BE54-9A1E7A4F7556}") = "CacheManager.Serialization.Json", "src\CacheManager.Serialization.Json\CacheManager.Serialization.Json.csproj", "{3F3A3386-DFED-489C-A97D-541D43AA6C12}"
EndProject
Project("{9A19103F-16F7-4668-BE54-9A1E7A4F7556}") = "CacheManager.Microsoft.Extensions.Configuration", "src\CacheManager.Microsoft.Extensions.Configuration\CacheManager.Microsoft.Extensions.Configuration.csproj", "{D68182DA-FB4D-45A9-9A09-AD07A45FE5FF}"
EndProject
Project("{9A19103F-16F7-4668-BE54-9A1E7A4F7556}") = "CacheManager.Microsoft.Extensions.Logging", "src\CacheManager.Microsoft.Extensions.Logging\CacheManager.Microsoft.Extensions.Logging.csproj", "{97C864BD-D4C7-4DF6-92D0-4D76A89F6706}"
EndProject
Project("{9A19103F-16F7-4668-BE54-9A1E7A4F7556}") = "CacheManager.Memcached", "src\CacheManager.Memcached\CacheManager.Memcached.csproj", "{5E5AFEF6-C13E-4D78-87D6-50407002A9B1}"
EndProject
Project("{9A19103F-16F7-4668-BE54-9A1E7A4F7556}") = "CacheManager.MSConfiguration.TypeLoad.Tests", "test\CacheManager.MSConfiguration.TypeLoad.Tests\CacheManager.MSConfiguration.TypeLoad.Tests.csproj", "{360D0B25-F9EB-4553-92DC-FB0FD24EF344}"
EndProject
Project("{9A19103F-16F7-4668-BE54-9A1E7A4F7556}") = "CacheManager.Microsoft.Extensions.Caching.Memory", "src\CacheManager.Microsoft.Extensions.Caching.Memory\CacheManager.Microsoft.Extensions.Caching.Memory.csproj", "{48DD6E04-0CFD-4FB4-A178-749B0FBFBA36}"
EndProject
Project("{9A19103F-16F7-4668-BE54-9A1E7A4F7556}") = "CacheManager.Serialization.ProtoBuf", "src\CacheManager.Serialization.ProtoBuf\CacheManager.Serialization.ProtoBuf.csproj", "{85CD8BC7-3E72-422E-AF91-6FDF2133E155}"
EndProject
Project("{9A19103F-16F7-4668-BE54-9A1E7A4F7556}") = "AspnetCore.WebApp", "samples\AspnetCore.WebApp\AspnetCore.WebApp.csproj", "{CB9C05BF-E567-412F-B3C8-C85289E60DBC}"
EndProject
Project("{9A19103F-16F7-4668-BE54-9A1E7A4F7556}") = "CacheManager.Serialization.Bond", "src\CacheManager.Serialization.Bond\CacheManager.Serialization.Bond.csproj", "{2FB30F61-B2E7-43AC-80AF-C45218F1D4BA}"
EndProject
Project("{9A19103F-16F7-4668-BE54-9A1E7A4F7556}") = "CacheManager.Benchmarks", "test\CacheManager.Benchmarks\CacheManager.Benchmarks.csproj", "{987C4CD7-D162-4635-8C50-214A25494676}"
EndProject
Project("{2150E333-8FDC-42A3-9474-1A3956D46DE8}") = "build", "build", "{CB286D98-C974-4266-B8F2-1F9DE8B2B0EC}"
	ProjectSection(SolutionItems) = preProject
		appveyor.yml = appveyor.yml
		tools\common.props = tools\common.props
		NuGet.Config = NuGet.Config
		tools\version.props = tools\version.props
	EndProjectSection
EndProject
Project("{2150E333-8FDC-42A3-9474-1A3956D46DE8}") = "schema", "schema", "{DB13A410-EAF1-4966-BA56-FC73BAC7CF3D}"
	ProjectSection(SolutionItems) = preProject
		tools\cacheManager.json = tools\cacheManager.json
		tools\CacheManagerCfg.xsd = tools\CacheManagerCfg.xsd
		tools\RedisCfg.xsd = tools\RedisCfg.xsd
	EndProjectSection
EndProject
Global
	GlobalSection(SolutionConfigurationPlatforms) = preSolution
		Debug|Any CPU = Debug|Any CPU
		Release|Any CPU = Release|Any CPU
	EndGlobalSection
	GlobalSection(ProjectConfigurationPlatforms) = postSolution
		{C9B4E53B-15FC-42AF-9107-0C2E52E8680B}.Debug|Any CPU.ActiveCfg = Debug|Any CPU
		{C9B4E53B-15FC-42AF-9107-0C2E52E8680B}.Debug|Any CPU.Build.0 = Debug|Any CPU
		{C9B4E53B-15FC-42AF-9107-0C2E52E8680B}.Release|Any CPU.ActiveCfg = Release|Any CPU
		{C9B4E53B-15FC-42AF-9107-0C2E52E8680B}.Release|Any CPU.Build.0 = Release|Any CPU
		{49A1A508-1A92-4F6A-8654-B0E71C07BD53}.Debug|Any CPU.ActiveCfg = Debug|Any CPU
		{49A1A508-1A92-4F6A-8654-B0E71C07BD53}.Debug|Any CPU.Build.0 = Debug|Any CPU
		{49A1A508-1A92-4F6A-8654-B0E71C07BD53}.Release|Any CPU.ActiveCfg = Release|Any CPU
		{49A1A508-1A92-4F6A-8654-B0E71C07BD53}.Release|Any CPU.Build.0 = Release|Any CPU
		{BA03975E-39CD-4318-8ED3-239AA399DC87}.Debug|Any CPU.ActiveCfg = Debug|Any CPU
		{BA03975E-39CD-4318-8ED3-239AA399DC87}.Debug|Any CPU.Build.0 = Debug|Any CPU
		{BA03975E-39CD-4318-8ED3-239AA399DC87}.Release|Any CPU.ActiveCfg = Release|Any CPU
		{BA03975E-39CD-4318-8ED3-239AA399DC87}.Release|Any CPU.Build.0 = Release|Any CPU
		{6436C729-A28B-4D90-B3B8-7ED003341199}.Debug|Any CPU.ActiveCfg = Debug|Any CPU
		{6436C729-A28B-4D90-B3B8-7ED003341199}.Debug|Any CPU.Build.0 = Debug|Any CPU
		{6436C729-A28B-4D90-B3B8-7ED003341199}.Release|Any CPU.ActiveCfg = Release|Any CPU
		{6436C729-A28B-4D90-B3B8-7ED003341199}.Release|Any CPU.Build.0 = Release|Any CPU
		{4FBE8026-2FAE-462C-9446-33B49CA5A25D}.Debug|Any CPU.ActiveCfg = Debug|Any CPU
		{4FBE8026-2FAE-462C-9446-33B49CA5A25D}.Debug|Any CPU.Build.0 = Debug|Any CPU
		{4FBE8026-2FAE-462C-9446-33B49CA5A25D}.Release|Any CPU.ActiveCfg = Release|Any CPU
		{4FBE8026-2FAE-462C-9446-33B49CA5A25D}.Release|Any CPU.Build.0 = Release|Any CPU
		{35A16A79-63DE-418E-AF5E-6865E5718008}.Debug|Any CPU.ActiveCfg = Debug|Any CPU
		{35A16A79-63DE-418E-AF5E-6865E5718008}.Debug|Any CPU.Build.0 = Debug|Any CPU
		{35A16A79-63DE-418E-AF5E-6865E5718008}.Release|Any CPU.ActiveCfg = Release|Any CPU
		{35A16A79-63DE-418E-AF5E-6865E5718008}.Release|Any CPU.Build.0 = Release|Any CPU
		{EEED5086-976C-4063-A61D-D5FAE7652758}.Debug|Any CPU.ActiveCfg = Debug|Any CPU
		{EEED5086-976C-4063-A61D-D5FAE7652758}.Debug|Any CPU.Build.0 = Debug|Any CPU
		{EEED5086-976C-4063-A61D-D5FAE7652758}.Release|Any CPU.ActiveCfg = Release|Any CPU
		{EEED5086-976C-4063-A61D-D5FAE7652758}.Release|Any CPU.Build.0 = Release|Any CPU
		{8F8E0F73-F11A-4F9A-91F5-9C8E798752D9}.Debug|Any CPU.ActiveCfg = Debug|Any CPU
		{8F8E0F73-F11A-4F9A-91F5-9C8E798752D9}.Debug|Any CPU.Build.0 = Debug|Any CPU
		{8F8E0F73-F11A-4F9A-91F5-9C8E798752D9}.Release|Any CPU.ActiveCfg = Release|Any CPU
		{8F8E0F73-F11A-4F9A-91F5-9C8E798752D9}.Release|Any CPU.Build.0 = Release|Any CPU
		{3F3A3386-DFED-489C-A97D-541D43AA6C12}.Debug|Any CPU.ActiveCfg = Debug|Any CPU
		{3F3A3386-DFED-489C-A97D-541D43AA6C12}.Debug|Any CPU.Build.0 = Debug|Any CPU
		{3F3A3386-DFED-489C-A97D-541D43AA6C12}.Release|Any CPU.ActiveCfg = Release|Any CPU
		{3F3A3386-DFED-489C-A97D-541D43AA6C12}.Release|Any CPU.Build.0 = Release|Any CPU
		{D68182DA-FB4D-45A9-9A09-AD07A45FE5FF}.Debug|Any CPU.ActiveCfg = Debug|Any CPU
		{D68182DA-FB4D-45A9-9A09-AD07A45FE5FF}.Debug|Any CPU.Build.0 = Debug|Any CPU
		{D68182DA-FB4D-45A9-9A09-AD07A45FE5FF}.Release|Any CPU.ActiveCfg = Release|Any CPU
		{D68182DA-FB4D-45A9-9A09-AD07A45FE5FF}.Release|Any CPU.Build.0 = Release|Any CPU
		{97C864BD-D4C7-4DF6-92D0-4D76A89F6706}.Debug|Any CPU.ActiveCfg = Debug|Any CPU
		{97C864BD-D4C7-4DF6-92D0-4D76A89F6706}.Debug|Any CPU.Build.0 = Debug|Any CPU
		{97C864BD-D4C7-4DF6-92D0-4D76A89F6706}.Release|Any CPU.ActiveCfg = Release|Any CPU
		{97C864BD-D4C7-4DF6-92D0-4D76A89F6706}.Release|Any CPU.Build.0 = Release|Any CPU
		{5E5AFEF6-C13E-4D78-87D6-50407002A9B1}.Debug|Any CPU.ActiveCfg = Debug|Any CPU
		{5E5AFEF6-C13E-4D78-87D6-50407002A9B1}.Debug|Any CPU.Build.0 = Debug|Any CPU
		{5E5AFEF6-C13E-4D78-87D6-50407002A9B1}.Release|Any CPU.ActiveCfg = Release|Any CPU
		{5E5AFEF6-C13E-4D78-87D6-50407002A9B1}.Release|Any CPU.Build.0 = Release|Any CPU
		{360D0B25-F9EB-4553-92DC-FB0FD24EF344}.Debug|Any CPU.ActiveCfg = Debug|Any CPU
		{360D0B25-F9EB-4553-92DC-FB0FD24EF344}.Debug|Any CPU.Build.0 = Debug|Any CPU
		{360D0B25-F9EB-4553-92DC-FB0FD24EF344}.Release|Any CPU.ActiveCfg = Release|Any CPU
		{360D0B25-F9EB-4553-92DC-FB0FD24EF344}.Release|Any CPU.Build.0 = Release|Any CPU
		{48DD6E04-0CFD-4FB4-A178-749B0FBFBA36}.Debug|Any CPU.ActiveCfg = Debug|Any CPU
		{48DD6E04-0CFD-4FB4-A178-749B0FBFBA36}.Debug|Any CPU.Build.0 = Debug|Any CPU
		{48DD6E04-0CFD-4FB4-A178-749B0FBFBA36}.Release|Any CPU.ActiveCfg = Release|Any CPU
		{48DD6E04-0CFD-4FB4-A178-749B0FBFBA36}.Release|Any CPU.Build.0 = Release|Any CPU
		{85CD8BC7-3E72-422E-AF91-6FDF2133E155}.Debug|Any CPU.ActiveCfg = Debug|Any CPU
		{85CD8BC7-3E72-422E-AF91-6FDF2133E155}.Debug|Any CPU.Build.0 = Debug|Any CPU
		{85CD8BC7-3E72-422E-AF91-6FDF2133E155}.Release|Any CPU.ActiveCfg = Release|Any CPU
		{85CD8BC7-3E72-422E-AF91-6FDF2133E155}.Release|Any CPU.Build.0 = Release|Any CPU
		{CB9C05BF-E567-412F-B3C8-C85289E60DBC}.Debug|Any CPU.ActiveCfg = Debug|Any CPU
		{CB9C05BF-E567-412F-B3C8-C85289E60DBC}.Debug|Any CPU.Build.0 = Debug|Any CPU
		{CB9C05BF-E567-412F-B3C8-C85289E60DBC}.Release|Any CPU.ActiveCfg = Release|Any CPU
		{CB9C05BF-E567-412F-B3C8-C85289E60DBC}.Release|Any CPU.Build.0 = Release|Any CPU
		{2FB30F61-B2E7-43AC-80AF-C45218F1D4BA}.Debug|Any CPU.ActiveCfg = Debug|Any CPU
		{2FB30F61-B2E7-43AC-80AF-C45218F1D4BA}.Debug|Any CPU.Build.0 = Debug|Any CPU
		{2FB30F61-B2E7-43AC-80AF-C45218F1D4BA}.Release|Any CPU.ActiveCfg = Release|Any CPU
		{2FB30F61-B2E7-43AC-80AF-C45218F1D4BA}.Release|Any CPU.Build.0 = Release|Any CPU
		{987C4CD7-D162-4635-8C50-214A25494676}.Debug|Any CPU.ActiveCfg = Debug|Any CPU
		{987C4CD7-D162-4635-8C50-214A25494676}.Debug|Any CPU.Build.0 = Debug|Any CPU
		{987C4CD7-D162-4635-8C50-214A25494676}.Release|Any CPU.ActiveCfg = Release|Any CPU
		{987C4CD7-D162-4635-8C50-214A25494676}.Release|Any CPU.Build.0 = Release|Any CPU
	EndGlobalSection
	GlobalSection(SolutionProperties) = preSolution
		HideSolutionNode = FALSE
	EndGlobalSection
	GlobalSection(NestedProjects) = preSolution
		{75D61766-6604-4FAD-8451-FCF300CCCD48} = {E026FBD6-8112-46A7-BB3C-C8FB901CB93A}
		{42E99581-4D8D-44E1-848D-1EAB564A3129} = {75D61766-6604-4FAD-8451-FCF300CCCD48}
		{5FFC2D23-4EA5-4402-B251-C83B453DC423} = {75D61766-6604-4FAD-8451-FCF300CCCD48}
		{96C0965D-2375-4780-9DAC-640927D74161} = {E026FBD6-8112-46A7-BB3C-C8FB901CB93A}
		{F2761882-C68D-4CC4-A906-3C46EF6A6573} = {E026FBD6-8112-46A7-BB3C-C8FB901CB93A}
		{C9B4E53B-15FC-42AF-9107-0C2E52E8680B} = {58CC885F-40A7-4C82-990D-3F36AAA088A7}
		{49A1A508-1A92-4F6A-8654-B0E71C07BD53} = {58CC885F-40A7-4C82-990D-3F36AAA088A7}
		{BA03975E-39CD-4318-8ED3-239AA399DC87} = {58CC885F-40A7-4C82-990D-3F36AAA088A7}
		{6436C729-A28B-4D90-B3B8-7ED003341199} = {58CC885F-40A7-4C82-990D-3F36AAA088A7}
		{4FBE8026-2FAE-462C-9446-33B49CA5A25D} = {58CC885F-40A7-4C82-990D-3F36AAA088A7}
		{35A16A79-63DE-418E-AF5E-6865E5718008} = {C013E552-43F5-4496-BE29-DB401C3334BB}
		{EEED5086-976C-4063-A61D-D5FAE7652758} = {C013E552-43F5-4496-BE29-DB401C3334BB}
		{8F8E0F73-F11A-4F9A-91F5-9C8E798752D9} = {C23C189C-3AFC-45D6-8E32-9B5E190BBA20}
		{3F3A3386-DFED-489C-A97D-541D43AA6C12} = {58CC885F-40A7-4C82-990D-3F36AAA088A7}
		{D68182DA-FB4D-45A9-9A09-AD07A45FE5FF} = {58CC885F-40A7-4C82-990D-3F36AAA088A7}
		{97C864BD-D4C7-4DF6-92D0-4D76A89F6706} = {58CC885F-40A7-4C82-990D-3F36AAA088A7}
		{5E5AFEF6-C13E-4D78-87D6-50407002A9B1} = {58CC885F-40A7-4C82-990D-3F36AAA088A7}
		{360D0B25-F9EB-4553-92DC-FB0FD24EF344} = {C013E552-43F5-4496-BE29-DB401C3334BB}
		{48DD6E04-0CFD-4FB4-A178-749B0FBFBA36} = {58CC885F-40A7-4C82-990D-3F36AAA088A7}
		{85CD8BC7-3E72-422E-AF91-6FDF2133E155} = {58CC885F-40A7-4C82-990D-3F36AAA088A7}
		{CB9C05BF-E567-412F-B3C8-C85289E60DBC} = {C23C189C-3AFC-45D6-8E32-9B5E190BBA20}
		{2FB30F61-B2E7-43AC-80AF-C45218F1D4BA} = {58CC885F-40A7-4C82-990D-3F36AAA088A7}
		{987C4CD7-D162-4635-8C50-214A25494676} = {C013E552-43F5-4496-BE29-DB401C3334BB}
		{CB286D98-C974-4266-B8F2-1F9DE8B2B0EC} = {D83D3737-3BD4-4AEE-8C42-CDED9410DB79}
		{DB13A410-EAF1-4966-BA56-FC73BAC7CF3D} = {D83D3737-3BD4-4AEE-8C42-CDED9410DB79}
	EndGlobalSection
	GlobalSection(Performance) = preSolution
		HasPerformanceSessions = true
	EndGlobalSection
	GlobalSection(Performance) = preSolution
		HasPerformanceSessions = true
	EndGlobalSection
EndGlobal
