
Microsoft Visual Studio Solution File, Format Version 12.00
# Visual Studio 14
VisualStudioVersion = 14.0.25420.1
MinimumVisualStudioVersion = 10.0.40219.1
Project("{2150E333-8FDC-42A3-9474-1A3956D46DE8}") = "src", "src", "{8099505D-0783-4352-8BAD-F7F5E7D709FD}"
EndProject
Project("{2150E333-8FDC-42A3-9474-1A3956D46DE8}") = "test", "test", "{A4153E09-B842-4BBF-B4D1-D05F8792A9A5}"
EndProject
Project("{2150E333-8FDC-42A3-9474-1A3956D46DE8}") = "common", "common", "{A8DA8B90-61EA-43AB-AD71-22C248780401}"
	ProjectSection(SolutionItems) = preProject
		.travis.yml = .travis.yml
		appveyor.vs2013.yml = appveyor.vs2013.yml
		appveyor.yml = appveyor.yml
		common\CacheManager.ruleset = common\CacheManager.ruleset
		common\CacheManager.Test.ruleset = common\CacheManager.Test.ruleset
		COPYRIGHT.txt = COPYRIGHT.txt
		common\CustomDictionary.xml = common\CustomDictionary.xml
		common\GlobalAssemblyInfo.cs = common\GlobalAssemblyInfo.cs
		LICENSE = LICENSE
		NuGet.Config = NuGet.Config
		README.md = README.md
	EndProjectSection
EndProject
Project("{2150E333-8FDC-42A3-9474-1A3956D46DE8}") = ".nuget", ".nuget", "{B5045693-CB90-44E0-A4B8-9928E3965006}"
	ProjectSection(SolutionItems) = preProject
		.nuget\NuGet.Config = .nuget\NuGet.Config
		.nuget\packages.config = .nuget\packages.config
	EndProjectSection
EndProject
Project("{2150E333-8FDC-42A3-9474-1A3956D46DE8}") = "samples", "samples", "{3F174B69-A4CC-4241-839D-6CCA83CADB47}"
EndProject
Project("{FAE04EC0-301F-11D3-BF4B-00C04F79EFBC}") = "CacheManager.Samples.Mvc", "samples\CacheManager.Samples.Mvc\CacheManager.Samples.Mvc.csproj", "{99076511-0166-4FC0-BD39-3B4E37A84D7B}"
EndProject
Project("{2150E333-8FDC-42A3-9474-1A3956D46DE8}") = ".Net40", ".Net40", "{3CBC4C94-1EE1-44E8-BB56-620B8A7F7777}"
EndProject
Project("{FAE04EC0-301F-11D3-BF4B-00C04F79EFBC}") = "CacheManager.Core.Net40", "src\CacheManager.Core.Net40\CacheManager.Core.Net40.csproj", "{997BFD2D-1FA6-43A9-AB39-3040ED69397F}"
EndProject
Project("{FAE04EC0-301F-11D3-BF4B-00C04F79EFBC}") = "CacheManager.StackExchange.Redis.Net40", "src\CacheManager.StackExchange.Redis.Net40\CacheManager.StackExchange.Redis.Net40.csproj", "{74ADF5EC-CC57-4C92-BCFF-14611530F8F7}"
EndProject
Project("{FAE04EC0-301F-11D3-BF4B-00C04F79EFBC}") = "CacheManager.Tests.Net40", "test\CacheManager.Tests.Net40\CacheManager.Tests.Net40.csproj", "{26D20E36-3DB8-49DF-8CEB-4BF9CEAE7ED4}"
EndProject
Project("{FAE04EC0-301F-11D3-BF4B-00C04F79EFBC}") = "CacheManager.SystemRuntimeCaching.Net40", "src\CacheManager.SystemRuntimeCaching.Net40\CacheManager.SystemRuntimeCaching.Net40.csproj", "{009FAF28-6829-414E-A03F-6A39660B12A6}"
EndProject
Project("{FAE04EC0-301F-11D3-BF4B-00C04F79EFBC}") = "CacheManager.Memcached.Net40", "src\CacheManager.Memcached.Net40\CacheManager.Memcached.Net40.csproj", "{3CEA3848-8C1A-41DA-B65C-90E57A7447CB}"
EndProject
Project("{2150E333-8FDC-42A3-9474-1A3956D46DE8}") = "Articles", "Articles", "{BF84619C-FFD1-4B18-85FC-9CBD010A6ACC}"
	ProjectSection(SolutionItems) = preProject
		Articles\cachemanager_architecture.md = Articles\cachemanager_architecture.md
		Articles\cachemanager_backed_todo_web_app.md = Articles\cachemanager_backed_todo_web_app.md
		Articles\cachemanager_configuration.md = Articles\cachemanager_configuration.md
		Articles\cachemanager_getting_started.md = Articles\cachemanager_getting_started.md
		Articles\cachemanager_logging.md = Articles\cachemanager_logging.md
		Articles\cachemanager_serialization.md = Articles\cachemanager_serialization.md
		Articles\cachemanager_synchronization.md = Articles\cachemanager_synchronization.md
		Articles\cachemanager_update.md = Articles\cachemanager_update.md
	EndProjectSection
EndProject
Project("{FAE04EC0-301F-11D3-BF4B-00C04F79EFBC}") = "CacheManager.Config.Tests.Net45", "test\CacheManager.Config.Tests.Net45\CacheManager.Config.Tests.Net45.csproj", "{A99096DC-8B71-4BE7-8638-03E9E882B4E3}"
EndProject
Project("{FAE04EC0-301F-11D3-BF4B-00C04F79EFBC}") = "CacheManager.Tests.Net45", "test\CacheManager.Tests.Net45\CacheManager.Tests.Net45.csproj", "{3C353206-AAC8-493A-B831-FDE74C54341D}"
EndProject
Project("{FAE04EC0-301F-11D3-BF4B-00C04F79EFBC}") = "CacheManager.Core", "src\CacheManager.Core.Net45\CacheManager.Core.csproj", "{701DF657-8670-4313-A06B-63D8485B18F9}"
EndProject
Project("{FAE04EC0-301F-11D3-BF4B-00C04F79EFBC}") = "CacheManager.Couchbase", "src\CacheManager.Couchbase.Net45\CacheManager.Couchbase.csproj", "{4F3C4713-183E-4181-8B1A-E4192D964894}"
EndProject
Project("{FAE04EC0-301F-11D3-BF4B-00C04F79EFBC}") = "CacheManager.Memcached", "src\CacheManager.Memcached.Net45\CacheManager.Memcached.csproj", "{680FF75C-6EEB-4EB6-BB46-B6E465F3EDBF}"
EndProject
Project("{FAE04EC0-301F-11D3-BF4B-00C04F79EFBC}") = "CacheManager.StackExchange.Redis", "src\CacheManager.StackExchange.Redis.Net45\CacheManager.StackExchange.Redis.csproj", "{3930C89D-C16B-4C88-B946-0C22E10CD263}"
EndProject
Project("{FAE04EC0-301F-11D3-BF4B-00C04F79EFBC}") = "CacheManager.SystemRuntimeCaching", "src\CacheManager.SystemRuntimeCaching.Net45\CacheManager.SystemRuntimeCaching.csproj", "{D292FD01-C6F3-4600-ABE7-7BBA2B81BFD5}"
EndProject
Project("{FAE04EC0-301F-11D3-BF4B-00C04F79EFBC}") = "CacheManager.Web", "src\CacheManager.Web.Net45\CacheManager.Web.csproj", "{56EE8576-6D0E-469D-A522-35788110DC1C}"
EndProject
Project("{FAE04EC0-301F-11D3-BF4B-00C04F79EFBC}") = "CacheManager.Serialization.Json", "src\CacheManager.Serialization.Json.Net45\CacheManager.Serialization.Json.csproj", "{6EFE6B78-DF24-4FEC-8E45-ECE790F16DFC}"
EndProject
Project("{FAE04EC0-301F-11D3-BF4B-00C04F79EFBC}") = "CacheManager.Serialization.Json.Net40", "src\CacheManager.Serialization.Json.Net40\CacheManager.Serialization.Json.Net40.csproj", "{7A27C74A-461A-495B-AECB-254703A9F047}"
EndProject
Project("{FAE04EC0-301F-11D3-BF4B-00C04F79EFBC}") = "CacheManager.Serialization.ProtoBuf.Net40", "src\CacheManager.Serialization.ProtoBuf.Net40\CacheManager.Serialization.ProtoBuf.Net40.csproj", "{3F16DD5A-9781-4090-9CD3-16C54300B372}"
EndProject
Project("{FAE04EC0-301F-11D3-BF4B-00C04F79EFBC}") = "CacheManager.Serialization.ProtoBuf", "src\CacheManager.Serialization.ProtoBuf.Net45\CacheManager.Serialization.ProtoBuf.csproj", "{C24DE3F3-140D-4CDB-82BF-DEF81AFD3215}"
EndProject
Global
	GlobalSection(SolutionConfigurationPlatforms) = preSolution
		Debug|Any CPU = Debug|Any CPU
		Release|Any CPU = Release|Any CPU
	EndGlobalSection
	GlobalSection(ProjectConfigurationPlatforms) = postSolution
		{99076511-0166-4FC0-BD39-3B4E37A84D7B}.Debug|Any CPU.ActiveCfg = Debug|Any CPU
		{99076511-0166-4FC0-BD39-3B4E37A84D7B}.Debug|Any CPU.Build.0 = Debug|Any CPU
		{99076511-0166-4FC0-BD39-3B4E37A84D7B}.Release|Any CPU.ActiveCfg = Release|Any CPU
		{99076511-0166-4FC0-BD39-3B4E37A84D7B}.Release|Any CPU.Build.0 = Release|Any CPU
		{997BFD2D-1FA6-43A9-AB39-3040ED69397F}.Debug|Any CPU.ActiveCfg = Debug|Any CPU
		{997BFD2D-1FA6-43A9-AB39-3040ED69397F}.Debug|Any CPU.Build.0 = Debug|Any CPU
		{997BFD2D-1FA6-43A9-AB39-3040ED69397F}.Release|Any CPU.ActiveCfg = Release|Any CPU
		{997BFD2D-1FA6-43A9-AB39-3040ED69397F}.Release|Any CPU.Build.0 = Release|Any CPU
		{74ADF5EC-CC57-4C92-BCFF-14611530F8F7}.Debug|Any CPU.ActiveCfg = Debug|Any CPU
		{74ADF5EC-CC57-4C92-BCFF-14611530F8F7}.Debug|Any CPU.Build.0 = Debug|Any CPU
		{74ADF5EC-CC57-4C92-BCFF-14611530F8F7}.Release|Any CPU.ActiveCfg = Release|Any CPU
		{74ADF5EC-CC57-4C92-BCFF-14611530F8F7}.Release|Any CPU.Build.0 = Release|Any CPU
		{26D20E36-3DB8-49DF-8CEB-4BF9CEAE7ED4}.Debug|Any CPU.ActiveCfg = Debug|Any CPU
		{26D20E36-3DB8-49DF-8CEB-4BF9CEAE7ED4}.Debug|Any CPU.Build.0 = Debug|Any CPU
		{26D20E36-3DB8-49DF-8CEB-4BF9CEAE7ED4}.Release|Any CPU.ActiveCfg = Release|Any CPU
		{26D20E36-3DB8-49DF-8CEB-4BF9CEAE7ED4}.Release|Any CPU.Build.0 = Release|Any CPU
		{009FAF28-6829-414E-A03F-6A39660B12A6}.Debug|Any CPU.ActiveCfg = Debug|Any CPU
		{009FAF28-6829-414E-A03F-6A39660B12A6}.Debug|Any CPU.Build.0 = Debug|Any CPU
		{009FAF28-6829-414E-A03F-6A39660B12A6}.Release|Any CPU.ActiveCfg = Release|Any CPU
		{009FAF28-6829-414E-A03F-6A39660B12A6}.Release|Any CPU.Build.0 = Release|Any CPU
		{3CEA3848-8C1A-41DA-B65C-90E57A7447CB}.Debug|Any CPU.ActiveCfg = Debug|Any CPU
		{3CEA3848-8C1A-41DA-B65C-90E57A7447CB}.Debug|Any CPU.Build.0 = Debug|Any CPU
		{3CEA3848-8C1A-41DA-B65C-90E57A7447CB}.Release|Any CPU.ActiveCfg = Release|Any CPU
		{3CEA3848-8C1A-41DA-B65C-90E57A7447CB}.Release|Any CPU.Build.0 = Release|Any CPU
		{A99096DC-8B71-4BE7-8638-03E9E882B4E3}.Debug|Any CPU.ActiveCfg = Debug|Any CPU
		{A99096DC-8B71-4BE7-8638-03E9E882B4E3}.Debug|Any CPU.Build.0 = Debug|Any CPU
		{A99096DC-8B71-4BE7-8638-03E9E882B4E3}.Release|Any CPU.ActiveCfg = Release|Any CPU
		{A99096DC-8B71-4BE7-8638-03E9E882B4E3}.Release|Any CPU.Build.0 = Release|Any CPU
		{3C353206-AAC8-493A-B831-FDE74C54341D}.Debug|Any CPU.ActiveCfg = Debug|Any CPU
		{3C353206-AAC8-493A-B831-FDE74C54341D}.Debug|Any CPU.Build.0 = Debug|Any CPU
		{3C353206-AAC8-493A-B831-FDE74C54341D}.Release|Any CPU.ActiveCfg = Release|Any CPU
		{3C353206-AAC8-493A-B831-FDE74C54341D}.Release|Any CPU.Build.0 = Release|Any CPU
		{701DF657-8670-4313-A06B-63D8485B18F9}.Debug|Any CPU.ActiveCfg = Debug|Any CPU
		{701DF657-8670-4313-A06B-63D8485B18F9}.Debug|Any CPU.Build.0 = Debug|Any CPU
		{701DF657-8670-4313-A06B-63D8485B18F9}.Release|Any CPU.ActiveCfg = Release|Any CPU
		{701DF657-8670-4313-A06B-63D8485B18F9}.Release|Any CPU.Build.0 = Release|Any CPU
		{4F3C4713-183E-4181-8B1A-E4192D964894}.Debug|Any CPU.ActiveCfg = Debug|Any CPU
		{4F3C4713-183E-4181-8B1A-E4192D964894}.Debug|Any CPU.Build.0 = Debug|Any CPU
		{4F3C4713-183E-4181-8B1A-E4192D964894}.Release|Any CPU.ActiveCfg = Release|Any CPU
		{4F3C4713-183E-4181-8B1A-E4192D964894}.Release|Any CPU.Build.0 = Release|Any CPU
		{680FF75C-6EEB-4EB6-BB46-B6E465F3EDBF}.Debug|Any CPU.ActiveCfg = Debug|Any CPU
		{680FF75C-6EEB-4EB6-BB46-B6E465F3EDBF}.Debug|Any CPU.Build.0 = Debug|Any CPU
		{680FF75C-6EEB-4EB6-BB46-B6E465F3EDBF}.Release|Any CPU.ActiveCfg = Release|Any CPU
		{680FF75C-6EEB-4EB6-BB46-B6E465F3EDBF}.Release|Any CPU.Build.0 = Release|Any CPU
		{3930C89D-C16B-4C88-B946-0C22E10CD263}.Debug|Any CPU.ActiveCfg = Debug|Any CPU
		{3930C89D-C16B-4C88-B946-0C22E10CD263}.Debug|Any CPU.Build.0 = Debug|Any CPU
		{3930C89D-C16B-4C88-B946-0C22E10CD263}.Release|Any CPU.ActiveCfg = Release|Any CPU
		{3930C89D-C16B-4C88-B946-0C22E10CD263}.Release|Any CPU.Build.0 = Release|Any CPU
		{D292FD01-C6F3-4600-ABE7-7BBA2B81BFD5}.Debug|Any CPU.ActiveCfg = Debug|Any CPU
		{D292FD01-C6F3-4600-ABE7-7BBA2B81BFD5}.Debug|Any CPU.Build.0 = Debug|Any CPU
		{D292FD01-C6F3-4600-ABE7-7BBA2B81BFD5}.Release|Any CPU.ActiveCfg = Release|Any CPU
		{D292FD01-C6F3-4600-ABE7-7BBA2B81BFD5}.Release|Any CPU.Build.0 = Release|Any CPU
		{56EE8576-6D0E-469D-A522-35788110DC1C}.Debug|Any CPU.ActiveCfg = Debug|Any CPU
		{56EE8576-6D0E-469D-A522-35788110DC1C}.Debug|Any CPU.Build.0 = Debug|Any CPU
		{56EE8576-6D0E-469D-A522-35788110DC1C}.Release|Any CPU.ActiveCfg = Release|Any CPU
		{56EE8576-6D0E-469D-A522-35788110DC1C}.Release|Any CPU.Build.0 = Release|Any CPU
		{6EFE6B78-DF24-4FEC-8E45-ECE790F16DFC}.Debug|Any CPU.ActiveCfg = Debug|Any CPU
		{6EFE6B78-DF24-4FEC-8E45-ECE790F16DFC}.Debug|Any CPU.Build.0 = Debug|Any CPU
		{6EFE6B78-DF24-4FEC-8E45-ECE790F16DFC}.Release|Any CPU.ActiveCfg = Release|Any CPU
		{6EFE6B78-DF24-4FEC-8E45-ECE790F16DFC}.Release|Any CPU.Build.0 = Release|Any CPU
		{7A27C74A-461A-495B-AECB-254703A9F047}.Debug|Any CPU.ActiveCfg = Debug|Any CPU
		{7A27C74A-461A-495B-AECB-254703A9F047}.Debug|Any CPU.Build.0 = Debug|Any CPU
		{7A27C74A-461A-495B-AECB-254703A9F047}.Release|Any CPU.ActiveCfg = Release|Any CPU
		{7A27C74A-461A-495B-AECB-254703A9F047}.Release|Any CPU.Build.0 = Release|Any CPU
		{3F16DD5A-9781-4090-9CD3-16C54300B372}.Debug|Any CPU.ActiveCfg = Debug|Any CPU
		{3F16DD5A-9781-4090-9CD3-16C54300B372}.Debug|Any CPU.Build.0 = Debug|Any CPU
		{3F16DD5A-9781-4090-9CD3-16C54300B372}.Release|Any CPU.ActiveCfg = Release|Any CPU
		{3F16DD5A-9781-4090-9CD3-16C54300B372}.Release|Any CPU.Build.0 = Release|Any CPU
		{C24DE3F3-140D-4CDB-82BF-DEF81AFD3215}.Debug|Any CPU.ActiveCfg = Debug|Any CPU
		{C24DE3F3-140D-4CDB-82BF-DEF81AFD3215}.Debug|Any CPU.Build.0 = Debug|Any CPU
		{C24DE3F3-140D-4CDB-82BF-DEF81AFD3215}.Release|Any CPU.ActiveCfg = Release|Any CPU
		{C24DE3F3-140D-4CDB-82BF-DEF81AFD3215}.Release|Any CPU.Build.0 = Release|Any CPU
	EndGlobalSection
	GlobalSection(SolutionProperties) = preSolution
		HideSolutionNode = FALSE
	EndGlobalSection
	GlobalSection(NestedProjects) = preSolution
		{99076511-0166-4FC0-BD39-3B4E37A84D7B} = {3F174B69-A4CC-4241-839D-6CCA83CADB47}
		{997BFD2D-1FA6-43A9-AB39-3040ED69397F} = {3CBC4C94-1EE1-44E8-BB56-620B8A7F7777}
		{74ADF5EC-CC57-4C92-BCFF-14611530F8F7} = {3CBC4C94-1EE1-44E8-BB56-620B8A7F7777}
		{26D20E36-3DB8-49DF-8CEB-4BF9CEAE7ED4} = {A4153E09-B842-4BBF-B4D1-D05F8792A9A5}
		{009FAF28-6829-414E-A03F-6A39660B12A6} = {3CBC4C94-1EE1-44E8-BB56-620B8A7F7777}
		{3CEA3848-8C1A-41DA-B65C-90E57A7447CB} = {3CBC4C94-1EE1-44E8-BB56-620B8A7F7777}
		{A99096DC-8B71-4BE7-8638-03E9E882B4E3} = {A4153E09-B842-4BBF-B4D1-D05F8792A9A5}
		{3C353206-AAC8-493A-B831-FDE74C54341D} = {A4153E09-B842-4BBF-B4D1-D05F8792A9A5}
		{701DF657-8670-4313-A06B-63D8485B18F9} = {8099505D-0783-4352-8BAD-F7F5E7D709FD}
		{4F3C4713-183E-4181-8B1A-E4192D964894} = {8099505D-0783-4352-8BAD-F7F5E7D709FD}
		{680FF75C-6EEB-4EB6-BB46-B6E465F3EDBF} = {8099505D-0783-4352-8BAD-F7F5E7D709FD}
		{3930C89D-C16B-4C88-B946-0C22E10CD263} = {8099505D-0783-4352-8BAD-F7F5E7D709FD}
		{D292FD01-C6F3-4600-ABE7-7BBA2B81BFD5} = {8099505D-0783-4352-8BAD-F7F5E7D709FD}
		{56EE8576-6D0E-469D-A522-35788110DC1C} = {8099505D-0783-4352-8BAD-F7F5E7D709FD}
		{6EFE6B78-DF24-4FEC-8E45-ECE790F16DFC} = {8099505D-0783-4352-8BAD-F7F5E7D709FD}
		{7A27C74A-461A-495B-AECB-254703A9F047} = {3CBC4C94-1EE1-44E8-BB56-620B8A7F7777}
		{3F16DD5A-9781-4090-9CD3-16C54300B372} = {3CBC4C94-1EE1-44E8-BB56-620B8A7F7777}
		{C24DE3F3-140D-4CDB-82BF-DEF81AFD3215} = {8099505D-0783-4352-8BAD-F7F5E7D709FD}
	EndGlobalSection
EndGlobal
